
Microsoft Visual Studio Solution File, Format Version 12.00
# Visual Studio Version 17
VisualStudioVersion = 17.2.32616.157
MinimumVisualStudioVersion = 10.0.40219.1
Project("{FAE04EC0-301F-11D3-BF4B-00C04F79EFBC}") = "git", "git\git.csproj", "{D87C7B07-7C9A-488A-B81F-E702FC9DDC21}"
EndProject
Global
	GlobalSection(SolutionConfigurationPlatforms) = preSolution
		Debug|Any CPU = Debug|Any CPU
		Release|Any CPU = Release|Any CPU
	EndGlobalSection
	GlobalSection(ProjectConfigurationPlatforms) = postSolution
		{D87C7B07-7C9A-488A-B81F-E702FC9DDC21}.Debug|Any CPU.ActiveCfg = Debug|Any CPU
		{D87C7B07-7C9A-488A-B81F-E702FC9DDC21}.Debug|Any CPU.Build.0 = Debug|Any CPU
		{D87C7B07-7C9A-488A-B81F-E702FC9DDC21}.Release|Any CPU.ActiveCfg = Release|Any CPU
		{D87C7B07-7C9A-488A-B81F-E702FC9DDC21}.Release|Any CPU.Build.0 = Release|Any CPU
	EndGlobalSection
	GlobalSection(SolutionProperties) = preSolution
		HideSolutionNode = FALSE
	EndGlobalSection
	GlobalSection(ExtensibilityGlobals) = postSolution
		SolutionGuid = {92CC6F8D-4A1C-41A2-ADFA-28C0BE4F37DE}
	EndGlobalSection
EndGlobal
